
Microsoft Visual Studio Solution File, Format Version 12.00
# Visual Studio 15
VisualStudioVersion = 15.0.27428.2015
MinimumVisualStudioVersion = 10.0.40219.1
Project("{FAE04EC0-301F-11D3-BF4B-00C04F79EFBC}") = "HW11.0", "HW11.0\HW11.0.csproj", "{C0AB1FD5-6C33-4C12-9FE1-D2770A4E78DB}"
EndProject
Project("{FAE04EC0-301F-11D3-BF4B-00C04F79EFBC}") = "NUnit.Tests1", "NUnit.Tests1\NUnit.Tests1.csproj", "{8EDF4429-251A-416D-BB68-93F227191BCF}"
EndProject
Global
	GlobalSection(SolutionConfigurationPlatforms) = preSolution
		Debug|Any CPU = Debug|Any CPU
		Release|Any CPU = Release|Any CPU
	EndGlobalSection
	GlobalSection(ProjectConfigurationPlatforms) = postSolution
		{C0AB1FD5-6C33-4C12-9FE1-D2770A4E78DB}.Debug|Any CPU.ActiveCfg = Debug|Any CPU
		{C0AB1FD5-6C33-4C12-9FE1-D2770A4E78DB}.Debug|Any CPU.Build.0 = Debug|Any CPU
		{C0AB1FD5-6C33-4C12-9FE1-D2770A4E78DB}.Release|Any CPU.ActiveCfg = Release|Any CPU
		{C0AB1FD5-6C33-4C12-9FE1-D2770A4E78DB}.Release|Any CPU.Build.0 = Release|Any CPU
		{8EDF4429-251A-416D-BB68-93F227191BCF}.Debug|Any CPU.ActiveCfg = Debug|Any CPU
		{8EDF4429-251A-416D-BB68-93F227191BCF}.Debug|Any CPU.Build.0 = Debug|Any CPU
		{8EDF4429-251A-416D-BB68-93F227191BCF}.Release|Any CPU.ActiveCfg = Release|Any CPU
		{8EDF4429-251A-416D-BB68-93F227191BCF}.Release|Any CPU.Build.0 = Release|Any CPU
	EndGlobalSection
	GlobalSection(SolutionProperties) = preSolution
		HideSolutionNode = FALSE
	EndGlobalSection
	GlobalSection(ExtensibilityGlobals) = postSolution
		SolutionGuid = {3E6369BA-169D-4D0B-A461-C03DC096CD5A}
	EndGlobalSection
EndGlobal
